// !$*UTF8*$!
{
	archiveVersion = 1;
	classes = {
	};
	objectVersion = 48;
	objects = {

/* Begin PBXBuildFile section */
		3712A4FE2017706D0015A94D /* AppDelegate.m in Sources */ = {isa = PBXBuildFile; fileRef = 3712A4FD2017706D0015A94D /* AppDelegate.m */; };
		3712A5012017706D0015A94D /* ViewController.m in Sources */ = {isa = PBXBuildFile; fileRef = 3712A5002017706D0015A94D /* ViewController.m */; };
		3712A5042017706D0015A94D /* Main.storyboard in Resources */ = {isa = PBXBuildFile; fileRef = 3712A5022017706D0015A94D /* Main.storyboard */; };
		3712A5062017706D0015A94D /* Assets.xcassets in Resources */ = {isa = PBXBuildFile; fileRef = 3712A5052017706D0015A94D /* Assets.xcassets */; };
		3712A5092017706D0015A94D /* LaunchScreen.storyboard in Resources */ = {isa = PBXBuildFile; fileRef = 3712A5072017706D0015A94D /* LaunchScreen.storyboard */; };
		3712A50C2017706D0015A94D /* main.m in Sources */ = {isa = PBXBuildFile; fileRef = 3712A50B2017706D0015A94D /* main.m */; };
/* End PBXBuildFile section */

/* Begin PBXFileReference section */
		3712A4F92017706D0015A94D /* WebPageScanner.app */ = {isa = PBXFileReference; explicitFileType = wrapper.application; includeInIndex = 0; path = WebPageScanner.app; sourceTree = BUILT_PRODUCTS_DIR; };
		3712A4FC2017706D0015A94D /* AppDelegate.h */ = {isa = PBXFileReference; lastKnownFileType = sourcecode.c.h; path = AppDelegate.h; sourceTree = "<group>"; };
		3712A4FD2017706D0015A94D /* AppDelegate.m */ = {isa = PBXFileReference; lastKnownFileType = sourcecode.c.objc; path = AppDelegate.m; sourceTree = "<group>"; };
		3712A4FF2017706D0015A94D /* ViewController.h */ = {isa = PBXFileReference; lastKnownFileType = sourcecode.c.h; path = ViewController.h; sourceTree = "<group>"; };
		3712A5002017706D0015A94D /* ViewController.m */ = {isa = PBXFileReference; lastKnownFileType = sourcecode.c.objc; path = ViewController.m; sourceTree = "<group>"; };
		3712A5032017706D0015A94D /* Base */ = {isa = PBXFileReference; lastKnownFileType = file.storyboard; name = Base; path = Base.lproj/Main.storyboard; sourceTree = "<group>"; };
		3712A5052017706D0015A94D /* Assets.xcassets */ = {isa = PBXFileReference; lastKnownFileType = folder.assetcatalog; path = Assets.xcassets; sourceTree = "<group>"; };
		3712A5082017706D0015A94D /* Base */ = {isa = PBXFileReference; lastKnownFileType = file.storyboard; name = Base; path = Base.lproj/LaunchScreen.storyboard; sourceTree = "<group>"; };
		3712A50A2017706D0015A94D /* Info.plist */ = {isa = PBXFileReference; lastKnownFileType = text.plist.xml; path = Info.plist; sourceTree = "<group>"; };
		3712A50B2017706D0015A94D /* main.m */ = {isa = PBXFileReference; lastKnownFileType = sourcecode.c.objc; path = main.m; sourceTree = "<group>"; };
/* End PBXFileReference section */

/* Begin PBXFrameworksBuildPhase section */
		3712A4F62017706D0015A94D /* Frameworks */ = {
			isa = PBXFrameworksBuildPhase;
			buildActionMask = 2147483647;
			files = (
			);
			runOnlyForDeploymentPostprocessing = 0;
		};
/* End PBXFrameworksBuildPhase section */

/* Begin PBXGroup section */
		3712A4F02017706D0015A94D = {
			isa = PBXGroup;
			children = (
				3712A4FB2017706D0015A94D /* WebPageScanner */,
				3712A4FA2017706D0015A94D /* Products */,
			);
			sourceTree = "<group>";
		};
		3712A4FA2017706D0015A94D /* Products */ = {
			isa = PBXGroup;
			children = (
				3712A4F92017706D0015A94D /* WebPageScanner.app */,
			);
			name = Products;
			sourceTree = "<group>";
		};
		3712A4FB2017706D0015A94D /* WebPageScanner */ = {
			isa = PBXGroup;
			children = (
				3712A4FC2017706D0015A94D /* AppDelegate.h */,
				3712A4FD2017706D0015A94D /* AppDelegate.m */,
				3712A4FF2017706D0015A94D /* ViewController.h */,
				3712A5002017706D0015A94D /* ViewController.m */,
				3712A5022017706D0015A94D /* Main.storyboard */,
				3712A5052017706D0015A94D /* Assets.xcassets */,
				3712A5072017706D0015A94D /* LaunchScreen.storyboard */,
				3712A50A2017706D0015A94D /* Info.plist */,
				3712A50B2017706D0015A94D /* main.m */,
			);
			path = WebPageScanner;
			sourceTree = "<group>";
		};
/* End PBXGroup section */

/* Begin PBXNativeTarget section */
		3712A4F82017706D0015A94D /* WebPageScanner */ = {
			isa = PBXNativeTarget;
			buildConfigurationList = 3712A50F2017706D0015A94D /* Build configuration list for PBXNativeTarget "WebPageScanner" */;
			buildPhases = (
				3712A4F52017706D0015A94D /* Sources */,
				3712A4F62017706D0015A94D /* Frameworks */,
				3712A4F72017706D0015A94D /* Resources */,
			);
			buildRules = (
			);
			dependencies = (
			);
			name = WebPageScanner;
			productName = WebPageScanner;
			productReference = 3712A4F92017706D0015A94D /* WebPageScanner.app */;
			productType = "com.apple.product-type.application";
		};
/* End PBXNativeTarget section */

/* Begin PBXProject section */
		3712A4F12017706D0015A94D /* Project object */ = {
			isa = PBXProject;
			attributes = {
				LastUpgradeCheck = 0920;
				ORGANIZATIONNAME = Egor;
				TargetAttributes = {
					3712A4F82017706D0015A94D = {
						CreatedOnToolsVersion = 9.2;
						ProvisioningStyle = Automatic;
					};
				};
			};
			buildConfigurationList = 3712A4F42017706D0015A94D /* Build configuration list for PBXProject "WebPageScanner" */;
			compatibilityVersion = "Xcode 8.0";
			developmentRegion = en;
			hasScannedForEncodings = 0;
			knownRegions = (
				en,
				Base,
			);
			mainGroup = 3712A4F02017706D0015A94D;
			productRefGroup = 3712A4FA2017706D0015A94D /* Products */;
			projectDirPath = "";
			projectRoot = "";
			targets = (
				3712A4F82017706D0015A94D /* WebPageScanner */,
			);
		};
/* End PBXProject section */

/* Begin PBXResourcesBuildPhase section */
		3712A4F72017706D0015A94D /* Resources */ = {
			isa = PBXResourcesBuildPhase;
			buildActionMask = 2147483647;
			files = (
				3712A5092017706D0015A94D /* LaunchScreen.storyboard in Resources */,
				3712A5062017706D0015A94D /* Assets.xcassets in Resources */,
				3712A5042017706D0015A94D /* Main.storyboard in Resources */,
			);
			runOnlyForDeploymentPostprocessing = 0;
		};
/* End PBXResourcesBuildPhase section */

/* Begin PBXSourcesBuildPhase section */
		3712A4F52017706D0015A94D /* Sources */ = {
			isa = PBXSourcesBuildPhase;
			buildActionMask = 2147483647;
			files = (
				3712A5012017706D0015A94D /* ViewController.m in Sources */,
				3712A50C2017706D0015A94D /* main.m in Sources */,
				3712A4FE2017706D0015A94D /* AppDelegate.m in Sources */,
			);
			runOnlyForDeploymentPostprocessing = 0;
		};
/* End PBXSourcesBuildPhase section */

/* Begin PBXVariantGroup section */
		3712A5022017706D0015A94D /* Main.storyboard */ = {
			isa = PBXVariantGroup;
			children = (
				3712A5032017706D0015A94D /* Base */,
			);
			name = Main.storyboard;
			sourceTree = "<group>";
		};
		3712A5072017706D0015A94D /* LaunchScreen.storyboard */ = {
			isa = PBXVariantGroup;
			children = (
				3712A5082017706D0015A94D /* Base */,
			);
			name = LaunchScreen.storyboard;
			sourceTree = "<group>";
		};
/* End PBXVariantGroup section */

/* Begin XCBuildConfiguration section */
		3712A50D2017706D0015A94D /* Debug */ = {
			isa = XCBuildConfiguration;
			buildSettings = {
				ALWAYS_SEARCH_USER_PATHS = NO;
				CLANG_ANALYZER_NONNULL = YES;
				CLANG_ANALYZER_NUMBER_OBJECT_CONVERSION = YES_AGGRESSIVE;
				CLANG_CXX_LANGUAGE_STANDARD = "gnu++14";
				CLANG_CXX_LIBRARY = "libc++";
				CLANG_ENABLE_MODULES = YES;
				CLANG_ENABLE_OBJC_ARC = YES;
				CLANG_WARN_BLOCK_CAPTURE_AUTORELEASING = YES;
				CLANG_WARN_BOOL_CONVERSION = YES;
				CLANG_WARN_COMMA = YES;
				CLANG_WARN_CONSTANT_CONVERSION = YES;
				CLANG_WARN_DIRECT_OBJC_ISA_USAGE = YES_ERROR;
				CLANG_WARN_DOCUMENTATION_COMMENTS = YES;
				CLANG_WARN_EMPTY_BODY = YES;
				CLANG_WARN_ENUM_CONVERSION = YES;
				CLANG_WARN_INFINITE_RECURSION = YES;
				CLANG_WARN_INT_CONVERSION = YES;
				CLANG_WARN_NON_LITERAL_NULL_CONVERSION = YES;
				CLANG_WARN_OBJC_LITERAL_CONVERSION = YES;
				CLANG_WARN_OBJC_ROOT_CLASS = YES_ERROR;
				CLANG_WARN_RANGE_LOOP_ANALYSIS = YES;
				CLANG_WARN_STRICT_PROTOTYPES = YES;
				CLANG_WARN_SUSPICIOUS_MOVE = YES;
				CLANG_WARN_UNGUARDED_AVAILABILITY = YES_AGGRESSIVE;
				CLANG_WARN_UNREACHABLE_CODE = YES;
				CLANG_WARN__DUPLICATE_METHOD_MATCH = YES;
				CODE_SIGN_IDENTITY = "iPhone Developer";
				COPY_PHASE_STRIP = NO;
				DEBUG_INFORMATION_FORMAT = dwarf;
				ENABLE_STRICT_OBJC_MSGSEND = YES;
				ENABLE_TESTABILITY = YES;
				GCC_C_LANGUAGE_STANDARD = gnu11;
				GCC_DYNAMIC_NO_PIC = NO;
				GCC_NO_COMMON_BLOCKS = YES;
				GCC_OPTIMIZATION_LEVEL = 0;
				GCC_PREPROCESSOR_DEFINITIONS = (
					"DEBUG=1",
					"$(inherited)",
				);
				GCC_WARN_64_TO_32_BIT_CONVERSION = YES;
				GCC_WARN_ABOUT_RETURN_TYPE = YES_ERROR;
				GCC_WARN_UNDECLARED_SELECTOR = YES;
				GCC_WARN_UNINITIALIZED_AUTOS = YES_AGGRESSIVE;
				GCC_WARN_UNUSED_FUNCTION = YES;
				GCC_WARN_UNUSED_VARIABLE = YES;
				IPHONEOS_DEPLOYMENT_TARGET = 11.2;
				MTL_ENABLE_DEBUG_INFO = YES;
				ONLY_ACTIVE_ARCH = YES;
				SDKROOT = iphoneos;
			};
			name = Debug;
		};
		3712A50E2017706D0015A94D /* Release */ = {
			isa = XCBuildConfiguration;
			buildSettings = {
				ALWAYS_SEARCH_USER_PATHS = NO;
				CLANG_ANALYZER_NONNULL = YES;
				CLANG_ANALYZER_NUMBER_OBJECT_CONVERSION = YES_AGGRESSIVE;
				CLANG_CXX_LANGUAGE_STANDARD = "gnu++14";
				CLANG_CXX_LIBRARY = "libc++";
				CLANG_ENABLE_MODULES = YES;
				CLANG_ENABLE_OBJC_ARC = YES;
				CLANG_WARN_BLOCK_CAPTURE_AUTORELEASING = YES;
				CLANG_WARN_BOOL_CONVERSION = YES;
				CLANG_WARN_COMMA = YES;
				CLANG_WARN_CONSTANT_CONVERSION = YES;
				CLANG_WARN_DIRECT_OBJC_ISA_USAGE = YES_ERROR;
				CLANG_WARN_DOCUMENTATION_COMMENTS = YES;
				CLANG_WARN_EMPTY_BODY = YES;
				CLANG_WARN_ENUM_CONVERSION = YES;
				CLANG_WARN_INFINITE_RECURSION = YES;
				CLANG_WARN_INT_CONVERSION = YES;
				CLANG_WARN_NON_LITERAL_NULL_CONVERSION = YES;
				CLANG_WARN_OBJC_LITERAL_CONVERSION = YES;
				CLANG_WARN_OBJC_ROOT_CLASS = YES_ERROR;
				CLANG_WARN_RANGE_LOOP_ANALYSIS = YES;
				CLANG_WARN_STRICT_PROTOTYPES = YES;
				CLANG_WARN_SUSPICIOUS_MOVE = YES;
				CLANG_WARN_UNGUARDED_AVAILABILITY = YES_AGGRESSIVE;
				CLANG_WARN_UNREACHABLE_CODE = YES;
				CLANG_WARN__DUPLICATE_METHOD_MATCH = YES;
				CODE_SIGN_IDENTITY = "iPhone Developer";
				COPY_PHASE_STRIP = NO;
				DEBUG_INFORMATION_FORMAT = "dwarf-with-dsym";
				ENABLE_NS_ASSERTIONS = NO;
				ENABLE_STRICT_OBJC_MSGSEND = YES;
				GCC_C_LANGUAGE_STANDARD = gnu11;
				GCC_NO_COMMON_BLOCKS = YES;
				GCC_WARN_64_TO_32_BIT_CONVERSION = YES;
				GCC_WARN_ABOUT_RETURN_TYPE = YES_ERROR;
				GCC_WARN_UNDECLARED_SELECTOR = YES;
				GCC_WARN_UNINITIALIZED_AUTOS = YES_AGGRESSIVE;
				GCC_WARN_UNUSED_FUNCTION = YES;
				GCC_WARN_UNUSED_VARIABLE = YES;
				IPHONEOS_DEPLOYMENT_TARGET = 11.2;
				MTL_ENABLE_DEBUG_INFO = NO;
				SDKROOT = iphoneos;
				VALIDATE_PRODUCT = YES;
			};
			name = Release;
		};
		3712A5102017706D0015A94D /* Debug */ = {
			isa = XCBuildConfiguration;
			buildSettings = {
				ASSETCATALOG_COMPILER_APPICON_NAME = AppIcon;
				CODE_SIGN_STYLE = Automatic;
				DEVELOPMENT_TEAM = DD484H6UF4;
				INFOPLIST_FILE = WebPageScanner/Info.plist;
				LD_RUNPATH_SEARCH_PATHS = "$(inherited) @executable_path/Frameworks";
				PRODUCT_BUNDLE_IDENTIFIER = "com.egor.Test-Task.iOS.WebPageScanner";
				PRODUCT_NAME = "$(TARGET_NAME)";
				TARGETED_DEVICE_FAMILY = "1,2";
			};
			name = Debug;
		};
		3712A5112017706D0015A94D /* Release */ = {
			isa = XCBuildConfiguration;
			buildSettings = {
				ASSETCATALOG_COMPILER_APPICON_NAME = AppIcon;
				CODE_SIGN_STYLE = Automatic;
				DEVELOPMENT_TEAM = DD484H6UF4;
				INFOPLIST_FILE = WebPageScanner/Info.plist;
				LD_RUNPATH_SEARCH_PATHS = "$(inherited) @executable_path/Frameworks";
				PRODUCT_BUNDLE_IDENTIFIER = "com.egor.Test-Task.iOS.WebPageScanner";
				PRODUCT_NAME = "$(TARGET_NAME)";
				TARGETED_DEVICE_FAMILY = "1,2";
			};
			name = Release;
		};
/* End XCBuildConfiguration section */

/* Begin XCConfigurationList section */
		3712A4F42017706D0015A94D /* Build configuration list for PBXProject "WebPageScanner" */ = {
			isa = XCConfigurationList;
			buildConfigurations = (
				3712A50D2017706D0015A94D /* Debug */,
				3712A50E2017706D0015A94D /* Release */,
			);
			defaultConfigurationIsVisible = 0;
			defaultConfigurationName = Release;
		};
		3712A50F2017706D0015A94D /* Build configuration list for PBXNativeTarget "WebPageScanner" */ = {
			isa = XCConfigurationList;
			buildConfigurations = (
				3712A5102017706D0015A94D /* Debug */,
				3712A5112017706D0015A94D /* Release */,
			);
			defaultConfigurationIsVisible = 0;
			defaultConfigurationName = Release;
		};
/* End XCConfigurationList section */
	};
	rootObject = 3712A4F12017706D0015A94D /* Project object */;
}
